
Microsoft Visual Studio Solution File, Format Version 12.00
# Visual Studio 15
VisualStudioVersion = 15.0.27004.2009
MinimumVisualStudioVersion = 10.0.40219.1
Project("{9A19103F-16F7-4668-BE54-9A1E7A4F7556}") = "MembershipApi", "MembershipApi\MembershipApi.csproj", "{BE5A4800-FA2E-4D75-979C-62985E43E8E4}"
EndProject
Project("{9A19103F-16F7-4668-BE54-9A1E7A4F7556}") = "MembershipApi.Services", "MembershipApi.Services\MembershipApi.Services.csproj", "{C098E1D0-E1C9-4E09-B0C3-51E608A6B3CE}"
EndProject
Project("{9A19103F-16F7-4668-BE54-9A1E7A4F7556}") = "MembershipApi.Repository", "MembershipApi.Repository\MembershipApi.Repository.csproj", "{AE9387CC-25B1-4A90-A459-605203F4189F}"
EndProject
Project("{9A19103F-16F7-4668-BE54-9A1E7A4F7556}") = "MembershipApi.Dtos", "MembershipApi.Dtos\MembershipApi.Dtos.csproj", "{72FC83DC-905E-4808-8C13-E389ED488801}"
EndProject
Project("{FAE04EC0-301F-11D3-BF4B-00C04F79EFBC}") = "MembershipApi.DomainModel", "MembershipApi.DomainModel\MembershipApi.DomainModel.csproj", "{44A86CC9-8E6F-44CB-8267-23EAA997F606}"
EndProject
Global
	GlobalSection(SolutionConfigurationPlatforms) = preSolution
		Debug|Any CPU = Debug|Any CPU
		Release|Any CPU = Release|Any CPU
	EndGlobalSection
	GlobalSection(ProjectConfigurationPlatforms) = postSolution
		{BE5A4800-FA2E-4D75-979C-62985E43E8E4}.Debug|Any CPU.ActiveCfg = Debug|Any CPU
		{BE5A4800-FA2E-4D75-979C-62985E43E8E4}.Debug|Any CPU.Build.0 = Debug|Any CPU
		{BE5A4800-FA2E-4D75-979C-62985E43E8E4}.Release|Any CPU.ActiveCfg = Release|Any CPU
		{BE5A4800-FA2E-4D75-979C-62985E43E8E4}.Release|Any CPU.Build.0 = Release|Any CPU
		{C098E1D0-E1C9-4E09-B0C3-51E608A6B3CE}.Debug|Any CPU.ActiveCfg = Debug|Any CPU
		{C098E1D0-E1C9-4E09-B0C3-51E608A6B3CE}.Debug|Any CPU.Build.0 = Debug|Any CPU
		{C098E1D0-E1C9-4E09-B0C3-51E608A6B3CE}.Release|Any CPU.ActiveCfg = Release|Any CPU
		{C098E1D0-E1C9-4E09-B0C3-51E608A6B3CE}.Release|Any CPU.Build.0 = Release|Any CPU
		{AE9387CC-25B1-4A90-A459-605203F4189F}.Debug|Any CPU.ActiveCfg = Debug|Any CPU
		{AE9387CC-25B1-4A90-A459-605203F4189F}.Debug|Any CPU.Build.0 = Debug|Any CPU
		{AE9387CC-25B1-4A90-A459-605203F4189F}.Release|Any CPU.ActiveCfg = Release|Any CPU
		{AE9387CC-25B1-4A90-A459-605203F4189F}.Release|Any CPU.Build.0 = Release|Any CPU
		{72FC83DC-905E-4808-8C13-E389ED488801}.Debug|Any CPU.ActiveCfg = Debug|Any CPU
		{72FC83DC-905E-4808-8C13-E389ED488801}.Debug|Any CPU.Build.0 = Debug|Any CPU
		{72FC83DC-905E-4808-8C13-E389ED488801}.Release|Any CPU.ActiveCfg = Release|Any CPU
		{72FC83DC-905E-4808-8C13-E389ED488801}.Release|Any CPU.Build.0 = Release|Any CPU
		{44A86CC9-8E6F-44CB-8267-23EAA997F606}.Debug|Any CPU.ActiveCfg = Debug|Any CPU
		{44A86CC9-8E6F-44CB-8267-23EAA997F606}.Debug|Any CPU.Build.0 = Debug|Any CPU
		{44A86CC9-8E6F-44CB-8267-23EAA997F606}.Release|Any CPU.ActiveCfg = Release|Any CPU
		{44A86CC9-8E6F-44CB-8267-23EAA997F606}.Release|Any CPU.Build.0 = Release|Any CPU
	EndGlobalSection
	GlobalSection(SolutionProperties) = preSolution
		HideSolutionNode = FALSE
	EndGlobalSection
	GlobalSection(ExtensibilityGlobals) = postSolution
		SolutionGuid = {1FF3A82C-B411-4AE8-879E-04D45272B85A}
	EndGlobalSection
EndGlobal
